
Microsoft Visual Studio Solution File, Format Version 12.00
# Visual Studio Version 16
VisualStudioVersion = 16.0.29209.62
MinimumVisualStudioVersion = 10.0.40219.1
Project("{FAE04EC0-301F-11D3-BF4B-00C04F79EFBC}") = "DemoConsole", "DemoConsole\DemoConsole.csproj", "{B11BBB3C-2926-44EC-9D91-4DBA445769AB}"
EndProject
Global
	GlobalSection(SolutionConfigurationPlatforms) = preSolution
		Debug|Any CPU = Debug|Any CPU
		Release|Any CPU = Release|Any CPU
	EndGlobalSection
	GlobalSection(ProjectConfigurationPlatforms) = postSolution
		{B11BBB3C-2926-44EC-9D91-4DBA445769AB}.Debug|Any CPU.ActiveCfg = Debug|Any CPU
		{B11BBB3C-2926-44EC-9D91-4DBA445769AB}.Debug|Any CPU.Build.0 = Debug|Any CPU
		{B11BBB3C-2926-44EC-9D91-4DBA445769AB}.Release|Any CPU.ActiveCfg = Release|Any CPU
		{B11BBB3C-2926-44EC-9D91-4DBA445769AB}.Release|Any CPU.Build.0 = Release|Any CPU
	EndGlobalSection
	GlobalSection(SolutionProperties) = preSolution
		HideSolutionNode = FALSE
	EndGlobalSection
	GlobalSection(ExtensibilityGlobals) = postSolution
		SolutionGuid = {A7AC71F7-C00E-4F0E-A3AE-6AFB455D7FEF}
	EndGlobalSection
EndGlobal
