
Microsoft Visual Studio Solution File, Format Version 12.00
# Visual Studio Version 16
VisualStudioVersion = 16.0.29209.62
MinimumVisualStudioVersion = 10.0.40219.1
Project("{FAE04EC0-301F-11D3-BF4B-00C04F79EFBC}") = "WebApp", "WebApp\WebApp.csproj", "{19B1F2E2-9EF6-4506-AC0C-BD79CF7C125C}"
EndProject
Global
	GlobalSection(SolutionConfigurationPlatforms) = preSolution
		Debug|Any CPU = Debug|Any CPU
		Release|Any CPU = Release|Any CPU
	EndGlobalSection
	GlobalSection(ProjectConfigurationPlatforms) = postSolution
		{19B1F2E2-9EF6-4506-AC0C-BD79CF7C125C}.Debug|Any CPU.ActiveCfg = Debug|Any CPU
		{19B1F2E2-9EF6-4506-AC0C-BD79CF7C125C}.Debug|Any CPU.Build.0 = Debug|Any CPU
		{19B1F2E2-9EF6-4506-AC0C-BD79CF7C125C}.Release|Any CPU.ActiveCfg = Release|Any CPU
		{19B1F2E2-9EF6-4506-AC0C-BD79CF7C125C}.Release|Any CPU.Build.0 = Release|Any CPU
	EndGlobalSection
	GlobalSection(SolutionProperties) = preSolution
		HideSolutionNode = FALSE
	EndGlobalSection
	GlobalSection(ExtensibilityGlobals) = postSolution
		SolutionGuid = {BAEFB6F3-AB76-4A63-8B3F-2A9B7E846F97}
	EndGlobalSection
EndGlobal
